
Microsoft Visual Studio Solution File, Format Version 12.00
# Visual Studio Version 17
VisualStudioVersion = 17.5.33516.290
MinimumVisualStudioVersion = 10.0.40219.1
Project("{FAE04EC0-301F-11D3-BF4B-00C04F79EFBC}") = "Homework_number_48", "Homework_number_48\Homework_number_48.csproj", "{B673EBB3-5871-49CE-BC97-A0D0BD410324}"
EndProject
Global
	GlobalSection(SolutionConfigurationPlatforms) = preSolution
		Debug|Any CPU = Debug|Any CPU
		Release|Any CPU = Release|Any CPU
	EndGlobalSection
	GlobalSection(ProjectConfigurationPlatforms) = postSolution
		{B673EBB3-5871-49CE-BC97-A0D0BD410324}.Debug|Any CPU.ActiveCfg = Debug|Any CPU
		{B673EBB3-5871-49CE-BC97-A0D0BD410324}.Debug|Any CPU.Build.0 = Debug|Any CPU
		{B673EBB3-5871-49CE-BC97-A0D0BD410324}.Release|Any CPU.ActiveCfg = Release|Any CPU
		{B673EBB3-5871-49CE-BC97-A0D0BD410324}.Release|Any CPU.Build.0 = Release|Any CPU
	EndGlobalSection
	GlobalSection(SolutionProperties) = preSolution
		HideSolutionNode = FALSE
	EndGlobalSection
	GlobalSection(ExtensibilityGlobals) = postSolution
		SolutionGuid = {C147C1AB-53C7-4B3E-910C-5A1D9307F378}
	EndGlobalSection
EndGlobal
